// !$*UTF8*$!
{
	archiveVersion = 1;
	classes = {
	};
	objectVersion = 51;
	objects = {

/* Begin PBXBuildFile section */
		1AFF5AF72B72AB51B8D5501B /* Pods_TimerSheet.framework in Frameworks */ = {isa = PBXBuildFile; fileRef = 11171B09B5FB85F9397CF5B0 /* Pods_TimerSheet.framework */; };
		DE734A3424BC9EC9004F3205 /* AppDelegate.swift in Sources */ = {isa = PBXBuildFile; fileRef = DE734A3324BC9EC9004F3205 /* AppDelegate.swift */; };
		DE734A3624BC9EC9004F3205 /* SceneDelegate.swift in Sources */ = {isa = PBXBuildFile; fileRef = DE734A3524BC9EC9004F3205 /* SceneDelegate.swift */; };
		DE734A3824BC9EC9004F3205 /* WellcomeViewController.swift in Sources */ = {isa = PBXBuildFile; fileRef = DE734A3724BC9EC9004F3205 /* WellcomeViewController.swift */; };
		DE734A3B24BC9EC9004F3205 /* Main.storyboard in Resources */ = {isa = PBXBuildFile; fileRef = DE734A3924BC9EC9004F3205 /* Main.storyboard */; };
		DE734A3D24BC9ECA004F3205 /* Assets.xcassets in Resources */ = {isa = PBXBuildFile; fileRef = DE734A3C24BC9ECA004F3205 /* Assets.xcassets */; };
		DE734A4024BC9ECA004F3205 /* LaunchScreen.storyboard in Resources */ = {isa = PBXBuildFile; fileRef = DE734A3E24BC9ECA004F3205 /* LaunchScreen.storyboard */; };
		DE734A4B24BC9ECB004F3205 /* TimerSheetTests.swift in Sources */ = {isa = PBXBuildFile; fileRef = DE734A4A24BC9ECB004F3205 /* TimerSheetTests.swift */; };
		DE734A5624BC9ECB004F3205 /* TimerSheetUITests.swift in Sources */ = {isa = PBXBuildFile; fileRef = DE734A5524BC9ECB004F3205 /* TimerSheetUITests.swift */; };
		DE734A6724BCA927004F3205 /* Contants.swift in Sources */ = {isa = PBXBuildFile; fileRef = DE734A6624BCA927004F3205 /* Contants.swift */; };
		DE734A6B24BCBE47004F3205 /* LoginViewController.swift in Sources */ = {isa = PBXBuildFile; fileRef = DE734A6A24BCBE47004F3205 /* LoginViewController.swift */; };
		DE734A6D24BCC2D9004F3205 /* ClockIn_OutController.swift in Sources */ = {isa = PBXBuildFile; fileRef = DE734A6C24BCC2D9004F3205 /* ClockIn_OutController.swift */; };
		DE734A6F24BD8D05004F3205 /* GoogleService-Info.plist in Resources */ = {isa = PBXBuildFile; fileRef = DE734A6E24BD8D05004F3205 /* GoogleService-Info.plist */; };
		DE734A7124BD9D7C004F3205 /* Stamping.swift in Sources */ = {isa = PBXBuildFile; fileRef = DE734A7024BD9D7C004F3205 /* Stamping.swift */; };
		DE734A7324BF146D004F3205 /* Utils.swift in Sources */ = {isa = PBXBuildFile; fileRef = DE734A7224BF146D004F3205 /* Utils.swift */; };
		DE734A7524BF271F004F3205 /* WorkingDayModel.swift in Sources */ = {isa = PBXBuildFile; fileRef = DE734A7424BF271F004F3205 /* WorkingDayModel.swift */; };
		DE9205F024C763D80029B944 /* ReportController.swift in Sources */ = {isa = PBXBuildFile; fileRef = DE9205EF24C763D80029B944 /* ReportController.swift */; };
		DE9205F524C76A3B0029B944 /* WorkingDayCell.swift in Sources */ = {isa = PBXBuildFile; fileRef = DE9205F324C76A3B0029B944 /* WorkingDayCell.swift */; };
		DE9205F624C76A3B0029B944 /* WorkingDayCell.xib in Resources */ = {isa = PBXBuildFile; fileRef = DE9205F424C76A3B0029B944 /* WorkingDayCell.xib */; };
		DE9205F824C817F60029B944 /* ReportManager.swift in Sources */ = {isa = PBXBuildFile; fileRef = DE9205F724C817F60029B944 /* ReportManager.swift */; };
		DECBF82D24C18B66004DF8BF /* WorkingDayManager.swift in Sources */ = {isa = PBXBuildFile; fileRef = DECBF82C24C18B66004DF8BF /* WorkingDayManager.swift */; };
/* End PBXBuildFile section */

/* Begin PBXContainerItemProxy section */
		DE734A4724BC9ECB004F3205 /* PBXContainerItemProxy */ = {
			isa = PBXContainerItemProxy;
			containerPortal = DE734A2824BC9EC9004F3205 /* Project object */;
			proxyType = 1;
			remoteGlobalIDString = DE734A2F24BC9EC9004F3205;
			remoteInfo = TimerSheet;
		};
		DE734A5224BC9ECB004F3205 /* PBXContainerItemProxy */ = {
			isa = PBXContainerItemProxy;
			containerPortal = DE734A2824BC9EC9004F3205 /* Project object */;
			proxyType = 1;
			remoteGlobalIDString = DE734A2F24BC9EC9004F3205;
			remoteInfo = TimerSheet;
		};
/* End PBXContainerItemProxy section */

/* Begin PBXFileReference section */
		11171B09B5FB85F9397CF5B0 /* Pods_TimerSheet.framework */ = {isa = PBXFileReference; explicitFileType = wrapper.framework; includeInIndex = 0; path = Pods_TimerSheet.framework; sourceTree = BUILT_PRODUCTS_DIR; };
		43C70E982E237DBECA3F4EF3 /* Pods-TimerSheet.release.xcconfig */ = {isa = PBXFileReference; includeInIndex = 1; lastKnownFileType = text.xcconfig; name = "Pods-TimerSheet.release.xcconfig"; path = "Target Support Files/Pods-TimerSheet/Pods-TimerSheet.release.xcconfig"; sourceTree = "<group>"; };
		54F7194FAE04BFC9834F013A /* Pods-TimerSheet.debug.xcconfig */ = {isa = PBXFileReference; includeInIndex = 1; lastKnownFileType = text.xcconfig; name = "Pods-TimerSheet.debug.xcconfig"; path = "Target Support Files/Pods-TimerSheet/Pods-TimerSheet.debug.xcconfig"; sourceTree = "<group>"; };
		DE734A3024BC9EC9004F3205 /* TimerSheet.app */ = {isa = PBXFileReference; explicitFileType = wrapper.application; includeInIndex = 0; path = TimerSheet.app; sourceTree = BUILT_PRODUCTS_DIR; };
		DE734A3324BC9EC9004F3205 /* AppDelegate.swift */ = {isa = PBXFileReference; lastKnownFileType = sourcecode.swift; path = AppDelegate.swift; sourceTree = "<group>"; };
		DE734A3524BC9EC9004F3205 /* SceneDelegate.swift */ = {isa = PBXFileReference; lastKnownFileType = sourcecode.swift; path = SceneDelegate.swift; sourceTree = "<group>"; };
		DE734A3724BC9EC9004F3205 /* WellcomeViewController.swift */ = {isa = PBXFileReference; lastKnownFileType = sourcecode.swift; path = WellcomeViewController.swift; sourceTree = "<group>"; };
		DE734A3A24BC9EC9004F3205 /* Base */ = {isa = PBXFileReference; lastKnownFileType = file.storyboard; name = Base; path = Base.lproj/Main.storyboard; sourceTree = "<group>"; };
		DE734A3C24BC9ECA004F3205 /* Assets.xcassets */ = {isa = PBXFileReference; lastKnownFileType = folder.assetcatalog; path = Assets.xcassets; sourceTree = "<group>"; };
		DE734A3F24BC9ECA004F3205 /* Base */ = {isa = PBXFileReference; lastKnownFileType = file.storyboard; name = Base; path = Base.lproj/LaunchScreen.storyboard; sourceTree = "<group>"; };
		DE734A4124BC9ECA004F3205 /* Info.plist */ = {isa = PBXFileReference; lastKnownFileType = text.plist.xml; path = Info.plist; sourceTree = "<group>"; };
		DE734A4624BC9ECB004F3205 /* TimerSheetTests.xctest */ = {isa = PBXFileReference; explicitFileType = wrapper.cfbundle; includeInIndex = 0; path = TimerSheetTests.xctest; sourceTree = BUILT_PRODUCTS_DIR; };
		DE734A4A24BC9ECB004F3205 /* TimerSheetTests.swift */ = {isa = PBXFileReference; lastKnownFileType = sourcecode.swift; path = TimerSheetTests.swift; sourceTree = "<group>"; };
		DE734A4C24BC9ECB004F3205 /* Info.plist */ = {isa = PBXFileReference; lastKnownFileType = text.plist.xml; path = Info.plist; sourceTree = "<group>"; };
		DE734A5124BC9ECB004F3205 /* TimerSheetUITests.xctest */ = {isa = PBXFileReference; explicitFileType = wrapper.cfbundle; includeInIndex = 0; path = TimerSheetUITests.xctest; sourceTree = BUILT_PRODUCTS_DIR; };
		DE734A5524BC9ECB004F3205 /* TimerSheetUITests.swift */ = {isa = PBXFileReference; lastKnownFileType = sourcecode.swift; path = TimerSheetUITests.swift; sourceTree = "<group>"; };
		DE734A5724BC9ECB004F3205 /* Info.plist */ = {isa = PBXFileReference; lastKnownFileType = text.plist.xml; path = Info.plist; sourceTree = "<group>"; };
		DE734A6624BCA927004F3205 /* Contants.swift */ = {isa = PBXFileReference; lastKnownFileType = sourcecode.swift; path = Contants.swift; sourceTree = "<group>"; };
		DE734A6A24BCBE47004F3205 /* LoginViewController.swift */ = {isa = PBXFileReference; lastKnownFileType = sourcecode.swift; path = LoginViewController.swift; sourceTree = "<group>"; };
		DE734A6C24BCC2D9004F3205 /* ClockIn_OutController.swift */ = {isa = PBXFileReference; lastKnownFileType = sourcecode.swift; path = ClockIn_OutController.swift; sourceTree = "<group>"; };
		DE734A6E24BD8D05004F3205 /* GoogleService-Info.plist */ = {isa = PBXFileReference; fileEncoding = 4; lastKnownFileType = text.plist.xml; path = "GoogleService-Info.plist"; sourceTree = "<group>"; };
		DE734A7024BD9D7C004F3205 /* Stamping.swift */ = {isa = PBXFileReference; lastKnownFileType = sourcecode.swift; path = Stamping.swift; sourceTree = "<group>"; };
		DE734A7224BF146D004F3205 /* Utils.swift */ = {isa = PBXFileReference; lastKnownFileType = sourcecode.swift; path = Utils.swift; sourceTree = "<group>"; };
		DE734A7424BF271F004F3205 /* WorkingDayModel.swift */ = {isa = PBXFileReference; lastKnownFileType = sourcecode.swift; path = WorkingDayModel.swift; sourceTree = "<group>"; };
		DE9205EF24C763D80029B944 /* ReportController.swift */ = {isa = PBXFileReference; lastKnownFileType = sourcecode.swift; path = ReportController.swift; sourceTree = "<group>"; };
		DE9205F324C76A3B0029B944 /* WorkingDayCell.swift */ = {isa = PBXFileReference; lastKnownFileType = sourcecode.swift; path = WorkingDayCell.swift; sourceTree = "<group>"; };
		DE9205F424C76A3B0029B944 /* WorkingDayCell.xib */ = {isa = PBXFileReference; lastKnownFileType = file.xib; path = WorkingDayCell.xib; sourceTree = "<group>"; };
		DE9205F724C817F60029B944 /* ReportManager.swift */ = {isa = PBXFileReference; lastKnownFileType = sourcecode.swift; path = ReportManager.swift; sourceTree = "<group>"; };
		DE9205F924C9B6B00029B944 /* TimerSheetRelease.entitlements */ = {isa = PBXFileReference; lastKnownFileType = text.plist.entitlements; path = TimerSheetRelease.entitlements; sourceTree = "<group>"; };
		DECBF82C24C18B66004DF8BF /* WorkingDayManager.swift */ = {isa = PBXFileReference; lastKnownFileType = sourcecode.swift; path = WorkingDayManager.swift; sourceTree = "<group>"; };
/* End PBXFileReference section */

/* Begin PBXFrameworksBuildPhase section */
		DE734A2D24BC9EC9004F3205 /* Frameworks */ = {
			isa = PBXFrameworksBuildPhase;
			buildActionMask = 2147483647;
			files = (
				1AFF5AF72B72AB51B8D5501B /* Pods_TimerSheet.framework in Frameworks */,
			);
			runOnlyForDeploymentPostprocessing = 0;
		};
		DE734A4324BC9ECB004F3205 /* Frameworks */ = {
			isa = PBXFrameworksBuildPhase;
			buildActionMask = 2147483647;
			files = (
			);
			runOnlyForDeploymentPostprocessing = 0;
		};
		DE734A4E24BC9ECB004F3205 /* Frameworks */ = {
			isa = PBXFrameworksBuildPhase;
			buildActionMask = 2147483647;
			files = (
			);
			runOnlyForDeploymentPostprocessing = 0;
		};
/* End PBXFrameworksBuildPhase section */

/* Begin PBXGroup section */
		180EE5CF1885B064C3364995 /* Frameworks */ = {
			isa = PBXGroup;
			children = (
				11171B09B5FB85F9397CF5B0 /* Pods_TimerSheet.framework */,
			);
			name = Frameworks;
			sourceTree = "<group>";
		};
		DE734A2724BC9EC9004F3205 = {
			isa = PBXGroup;
			children = (
				DE734A3224BC9EC9004F3205 /* TimerSheet */,
				DE734A4924BC9ECB004F3205 /* TimerSheetTests */,
				DE734A5424BC9ECB004F3205 /* TimerSheetUITests */,
				DE734A3124BC9EC9004F3205 /* Products */,
				F37407B470770AC5C57F632A /* Pods */,
				180EE5CF1885B064C3364995 /* Frameworks */,
			);
			sourceTree = "<group>";
		};
		DE734A3124BC9EC9004F3205 /* Products */ = {
			isa = PBXGroup;
			children = (
				DE734A3024BC9EC9004F3205 /* TimerSheet.app */,
				DE734A4624BC9ECB004F3205 /* TimerSheetTests.xctest */,
				DE734A5124BC9ECB004F3205 /* TimerSheetUITests.xctest */,
			);
			name = Products;
			sourceTree = "<group>";
		};
		DE734A3224BC9EC9004F3205 /* TimerSheet */ = {
			isa = PBXGroup;
			children = (
				DE9205F924C9B6B00029B944 /* TimerSheetRelease.entitlements */,
				DE734A3324BC9EC9004F3205 /* AppDelegate.swift */,
				DE734A3524BC9EC9004F3205 /* SceneDelegate.swift */,
				DE734A6524BC9EF9004F3205 /* Model */,
				DE734A6324BC9EE1004F3205 /* View */,
				DE734A6424BC9EEC004F3205 /* Controller */,
				DE734A3C24BC9ECA004F3205 /* Assets.xcassets */,
				DE734A6624BCA927004F3205 /* Contants.swift */,
				DE734A6E24BD8D05004F3205 /* GoogleService-Info.plist */,
				DE734A4124BC9ECA004F3205 /* Info.plist */,
			);
			path = TimerSheet;
			sourceTree = "<group>";
		};
		DE734A4924BC9ECB004F3205 /* TimerSheetTests */ = {
			isa = PBXGroup;
			children = (
				DE734A4A24BC9ECB004F3205 /* TimerSheetTests.swift */,
				DE734A4C24BC9ECB004F3205 /* Info.plist */,
			);
			path = TimerSheetTests;
			sourceTree = "<group>";
		};
		DE734A5424BC9ECB004F3205 /* TimerSheetUITests */ = {
			isa = PBXGroup;
			children = (
				DE734A5524BC9ECB004F3205 /* TimerSheetUITests.swift */,
				DE734A5724BC9ECB004F3205 /* Info.plist */,
			);
			path = TimerSheetUITests;
			sourceTree = "<group>";
		};
		DE734A6324BC9EE1004F3205 /* View */ = {
			isa = PBXGroup;
			children = (
				DE734A3E24BC9ECA004F3205 /* LaunchScreen.storyboard */,
				DE734A3924BC9EC9004F3205 /* Main.storyboard */,
				DE9205F324C76A3B0029B944 /* WorkingDayCell.swift */,
				DE9205F424C76A3B0029B944 /* WorkingDayCell.xib */,
			);
			path = View;
			sourceTree = "<group>";
		};
		DE734A6424BC9EEC004F3205 /* Controller */ = {
			isa = PBXGroup;
			children = (
				DE734A3724BC9EC9004F3205 /* WellcomeViewController.swift */,
				DE734A6A24BCBE47004F3205 /* LoginViewController.swift */,
				DE734A6C24BCC2D9004F3205 /* ClockIn_OutController.swift */,
				DE9205EF24C763D80029B944 /* ReportController.swift */,
			);
			path = Controller;
			sourceTree = "<group>";
		};
		DE734A6524BC9EF9004F3205 /* Model */ = {
			isa = PBXGroup;
			children = (
				DE734A7024BD9D7C004F3205 /* Stamping.swift */,
				DE734A7224BF146D004F3205 /* Utils.swift */,
				DE734A7424BF271F004F3205 /* WorkingDayModel.swift */,
				DECBF82C24C18B66004DF8BF /* WorkingDayManager.swift */,
				DE9205F724C817F60029B944 /* ReportManager.swift */,
			);
			path = Model;
			sourceTree = "<group>";
		};
		F37407B470770AC5C57F632A /* Pods */ = {
			isa = PBXGroup;
			children = (
				54F7194FAE04BFC9834F013A /* Pods-TimerSheet.debug.xcconfig */,
				43C70E982E237DBECA3F4EF3 /* Pods-TimerSheet.release.xcconfig */,
			);
			path = Pods;
			sourceTree = "<group>";
		};
/* End PBXGroup section */

/* Begin PBXNativeTarget section */
		DE734A2F24BC9EC9004F3205 /* TimerSheet */ = {
			isa = PBXNativeTarget;
			buildConfigurationList = DE734A5A24BC9ECB004F3205 /* Build configuration list for PBXNativeTarget "TimerSheet" */;
			buildPhases = (
				3B1F2DC01D1AF1C626BFD1BD /* [CP] Check Pods Manifest.lock */,
				DE734A2C24BC9EC9004F3205 /* Sources */,
				DE734A2D24BC9EC9004F3205 /* Frameworks */,
				DE734A2E24BC9EC9004F3205 /* Resources */,
				740196727EEAFB1AE00C4AD8 /* [CP] Embed Pods Frameworks */,
				5F1EF8C50BB2051F530A1500 /* [CP] Copy Pods Resources */,
			);
			buildRules = (
			);
			dependencies = (
			);
			name = TimerSheet;
			productName = TimerSheet;
			productReference = DE734A3024BC9EC9004F3205 /* TimerSheet.app */;
			productType = "com.apple.product-type.application";
		};
		DE734A4524BC9ECB004F3205 /* TimerSheetTests */ = {
			isa = PBXNativeTarget;
			buildConfigurationList = DE734A5D24BC9ECB004F3205 /* Build configuration list for PBXNativeTarget "TimerSheetTests" */;
			buildPhases = (
				DE734A4224BC9ECB004F3205 /* Sources */,
				DE734A4324BC9ECB004F3205 /* Frameworks */,
				DE734A4424BC9ECB004F3205 /* Resources */,
			);
			buildRules = (
			);
			dependencies = (
				DE734A4824BC9ECB004F3205 /* PBXTargetDependency */,
			);
			name = TimerSheetTests;
			productName = TimerSheetTests;
			productReference = DE734A4624BC9ECB004F3205 /* TimerSheetTests.xctest */;
			productType = "com.apple.product-type.bundle.unit-test";
		};
		DE734A5024BC9ECB004F3205 /* TimerSheetUITests */ = {
			isa = PBXNativeTarget;
			buildConfigurationList = DE734A6024BC9ECB004F3205 /* Build configuration list for PBXNativeTarget "TimerSheetUITests" */;
			buildPhases = (
				DE734A4D24BC9ECB004F3205 /* Sources */,
				DE734A4E24BC9ECB004F3205 /* Frameworks */,
				DE734A4F24BC9ECB004F3205 /* Resources */,
			);
			buildRules = (
			);
			dependencies = (
				DE734A5324BC9ECB004F3205 /* PBXTargetDependency */,
			);
			name = TimerSheetUITests;
			productName = TimerSheetUITests;
			productReference = DE734A5124BC9ECB004F3205 /* TimerSheetUITests.xctest */;
			productType = "com.apple.product-type.bundle.ui-testing";
		};
/* End PBXNativeTarget section */

/* Begin PBXProject section */
		DE734A2824BC9EC9004F3205 /* Project object */ = {
			isa = PBXProject;
			attributes = {
				LastSwiftUpdateCheck = 1150;
				LastUpgradeCheck = 1150;
				ORGANIZATIONNAME = "Giovanni La Torre";
				TargetAttributes = {
					DE734A2F24BC9EC9004F3205 = {
						CreatedOnToolsVersion = 11.5;
					};
					DE734A4524BC9ECB004F3205 = {
						CreatedOnToolsVersion = 11.5;
						TestTargetID = DE734A2F24BC9EC9004F3205;
					};
					DE734A5024BC9ECB004F3205 = {
						CreatedOnToolsVersion = 11.5;
						TestTargetID = DE734A2F24BC9EC9004F3205;
					};
				};
			};
			buildConfigurationList = DE734A2B24BC9EC9004F3205 /* Build configuration list for PBXProject "TimerSheet" */;
			compatibilityVersion = "Xcode 9.3";
			developmentRegion = en;
			hasScannedForEncodings = 0;
			knownRegions = (
				en,
				Base,
			);
			mainGroup = DE734A2724BC9EC9004F3205;
			productRefGroup = DE734A3124BC9EC9004F3205 /* Products */;
			projectDirPath = "";
			projectRoot = "";
			targets = (
				DE734A2F24BC9EC9004F3205 /* TimerSheet */,
				DE734A4524BC9ECB004F3205 /* TimerSheetTests */,
				DE734A5024BC9ECB004F3205 /* TimerSheetUITests */,
			);
		};
/* End PBXProject section */

/* Begin PBXResourcesBuildPhase section */
		DE734A2E24BC9EC9004F3205 /* Resources */ = {
			isa = PBXResourcesBuildPhase;
			buildActionMask = 2147483647;
			files = (
				DE734A4024BC9ECA004F3205 /* LaunchScreen.storyboard in Resources */,
				DE734A6F24BD8D05004F3205 /* GoogleService-Info.plist in Resources */,
				DE734A3D24BC9ECA004F3205 /* Assets.xcassets in Resources */,
				DE734A3B24BC9EC9004F3205 /* Main.storyboard in Resources */,
				DE9205F624C76A3B0029B944 /* WorkingDayCell.xib in Resources */,
			);
			runOnlyForDeploymentPostprocessing = 0;
		};
		DE734A4424BC9ECB004F3205 /* Resources */ = {
			isa = PBXResourcesBuildPhase;
			buildActionMask = 2147483647;
			files = (
			);
			runOnlyForDeploymentPostprocessing = 0;
		};
		DE734A4F24BC9ECB004F3205 /* Resources */ = {
			isa = PBXResourcesBuildPhase;
			buildActionMask = 2147483647;
			files = (
			);
			runOnlyForDeploymentPostprocessing = 0;
		};
/* End PBXResourcesBuildPhase section */

/* Begin PBXShellScriptBuildPhase section */
		3B1F2DC01D1AF1C626BFD1BD /* [CP] Check Pods Manifest.lock */ = {
			isa = PBXShellScriptBuildPhase;
			buildActionMask = 2147483647;
			files = (
			);
			inputFileListPaths = (
			);
			inputPaths = (
				"${PODS_PODFILE_DIR_PATH}/Podfile.lock",
				"${PODS_ROOT}/Manifest.lock",
			);
			name = "[CP] Check Pods Manifest.lock";
			outputFileListPaths = (
			);
			outputPaths = (
				"$(DERIVED_FILE_DIR)/Pods-TimerSheet-checkManifestLockResult.txt",
			);
			runOnlyForDeploymentPostprocessing = 0;
			shellPath = /bin/sh;
			shellScript = "diff \"${PODS_PODFILE_DIR_PATH}/Podfile.lock\" \"${PODS_ROOT}/Manifest.lock\" > /dev/null\nif [ $? != 0 ] ; then\n    # print error to STDERR\n    echo \"error: The sandbox is not in sync with the Podfile.lock. Run 'pod install' or update your CocoaPods installation.\" >&2\n    exit 1\nfi\n# This output is used by Xcode 'outputs' to avoid re-running this script phase.\necho \"SUCCESS\" > \"${SCRIPT_OUTPUT_FILE_0}\"\n";
			showEnvVarsInLog = 0;
		};
		5F1EF8C50BB2051F530A1500 /* [CP] Copy Pods Resources */ = {
			isa = PBXShellScriptBuildPhase;
			buildActionMask = 2147483647;
			files = (
			);
			inputFileListPaths = (
				"${PODS_ROOT}/Target Support Files/Pods-TimerSheet/Pods-TimerSheet-resources-${CONFIGURATION}-input-files.xcfilelist",
			);
			name = "[CP] Copy Pods Resources";
			outputFileListPaths = (
				"${PODS_ROOT}/Target Support Files/Pods-TimerSheet/Pods-TimerSheet-resources-${CONFIGURATION}-output-files.xcfilelist",
			);
			runOnlyForDeploymentPostprocessing = 0;
			shellPath = /bin/sh;
			shellScript = "\"${PODS_ROOT}/Target Support Files/Pods-TimerSheet/Pods-TimerSheet-resources.sh\"\n";
			showEnvVarsInLog = 0;
		};
		740196727EEAFB1AE00C4AD8 /* [CP] Embed Pods Frameworks */ = {
			isa = PBXShellScriptBuildPhase;
			buildActionMask = 2147483647;
			files = (
			);
			inputFileListPaths = (
				"${PODS_ROOT}/Target Support Files/Pods-TimerSheet/Pods-TimerSheet-frameworks-${CONFIGURATION}-input-files.xcfilelist",
			);
			name = "[CP] Embed Pods Frameworks";
			outputFileListPaths = (
				"${PODS_ROOT}/Target Support Files/Pods-TimerSheet/Pods-TimerSheet-frameworks-${CONFIGURATION}-output-files.xcfilelist",
			);
			runOnlyForDeploymentPostprocessing = 0;
			shellPath = /bin/sh;
			shellScript = "\"${PODS_ROOT}/Target Support Files/Pods-TimerSheet/Pods-TimerSheet-frameworks.sh\"\n";
			showEnvVarsInLog = 0;
		};
/* End PBXShellScriptBuildPhase section */

/* Begin PBXSourcesBuildPhase section */
		DE734A2C24BC9EC9004F3205 /* Sources */ = {
			isa = PBXSourcesBuildPhase;
			buildActionMask = 2147483647;
			files = (
				DECBF82D24C18B66004DF8BF /* WorkingDayManager.swift in Sources */,
				DE734A7524BF271F004F3205 /* WorkingDayModel.swift in Sources */,
				DE734A6B24BCBE47004F3205 /* LoginViewController.swift in Sources */,
				DE734A3824BC9EC9004F3205 /* WellcomeViewController.swift in Sources */,
				DE734A7324BF146D004F3205 /* Utils.swift in Sources */,
				DE9205F824C817F60029B944 /* ReportManager.swift in Sources */,
				DE9205F024C763D80029B944 /* ReportController.swift in Sources */,
				DE734A7124BD9D7C004F3205 /* Stamping.swift in Sources */,
				DE734A3424BC9EC9004F3205 /* AppDelegate.swift in Sources */,
				DE9205F524C76A3B0029B944 /* WorkingDayCell.swift in Sources */,
				DE734A3624BC9EC9004F3205 /* SceneDelegate.swift in Sources */,
				DE734A6D24BCC2D9004F3205 /* ClockIn_OutController.swift in Sources */,
				DE734A6724BCA927004F3205 /* Contants.swift in Sources */,
			);
			runOnlyForDeploymentPostprocessing = 0;
		};
		DE734A4224BC9ECB004F3205 /* Sources */ = {
			isa = PBXSourcesBuildPhase;
			buildActionMask = 2147483647;
			files = (
				DE734A4B24BC9ECB004F3205 /* TimerSheetTests.swift in Sources */,
			);
			runOnlyForDeploymentPostprocessing = 0;
		};
		DE734A4D24BC9ECB004F3205 /* Sources */ = {
			isa = PBXSourcesBuildPhase;
			buildActionMask = 2147483647;
			files = (
				DE734A5624BC9ECB004F3205 /* TimerSheetUITests.swift in Sources */,
			);
			runOnlyForDeploymentPostprocessing = 0;
		};
/* End PBXSourcesBuildPhase section */

/* Begin PBXTargetDependency section */
		DE734A4824BC9ECB004F3205 /* PBXTargetDependency */ = {
			isa = PBXTargetDependency;
			target = DE734A2F24BC9EC9004F3205 /* TimerSheet */;
			targetProxy = DE734A4724BC9ECB004F3205 /* PBXContainerItemProxy */;
		};
		DE734A5324BC9ECB004F3205 /* PBXTargetDependency */ = {
			isa = PBXTargetDependency;
			target = DE734A2F24BC9EC9004F3205 /* TimerSheet */;
			targetProxy = DE734A5224BC9ECB004F3205 /* PBXContainerItemProxy */;
		};
/* End PBXTargetDependency section */

/* Begin PBXVariantGroup section */
		DE734A3924BC9EC9004F3205 /* Main.storyboard */ = {
			isa = PBXVariantGroup;
			children = (
				DE734A3A24BC9EC9004F3205 /* Base */,
			);
			name = Main.storyboard;
			sourceTree = "<group>";
		};
		DE734A3E24BC9ECA004F3205 /* LaunchScreen.storyboard */ = {
			isa = PBXVariantGroup;
			children = (
				DE734A3F24BC9ECA004F3205 /* Base */,
			);
			name = LaunchScreen.storyboard;
			sourceTree = "<group>";
		};
/* End PBXVariantGroup section */

/* Begin XCBuildConfiguration section */
		DE734A5824BC9ECB004F3205 /* Debug */ = {
			isa = XCBuildConfiguration;
			buildSettings = {
				ALWAYS_SEARCH_USER_PATHS = NO;
				CLANG_ANALYZER_NONNULL = YES;
				CLANG_ANALYZER_NUMBER_OBJECT_CONVERSION = YES_AGGRESSIVE;
				CLANG_CXX_LANGUAGE_STANDARD = "gnu++14";
				CLANG_CXX_LIBRARY = "libc++";
				CLANG_ENABLE_MODULES = YES;
				CLANG_ENABLE_OBJC_ARC = YES;
				CLANG_ENABLE_OBJC_WEAK = YES;
				CLANG_WARN_BLOCK_CAPTURE_AUTORELEASING = YES;
				CLANG_WARN_BOOL_CONVERSION = YES;
				CLANG_WARN_COMMA = YES;
				CLANG_WARN_CONSTANT_CONVERSION = YES;
				CLANG_WARN_DEPRECATED_OBJC_IMPLEMENTATIONS = YES;
				CLANG_WARN_DIRECT_OBJC_ISA_USAGE = YES_ERROR;
				CLANG_WARN_DOCUMENTATION_COMMENTS = YES;
				CLANG_WARN_EMPTY_BODY = YES;
				CLANG_WARN_ENUM_CONVERSION = YES;
				CLANG_WARN_INFINITE_RECURSION = YES;
				CLANG_WARN_INT_CONVERSION = YES;
				CLANG_WARN_NON_LITERAL_NULL_CONVERSION = YES;
				CLANG_WARN_OBJC_IMPLICIT_RETAIN_SELF = YES;
				CLANG_WARN_OBJC_LITERAL_CONVERSION = YES;
				CLANG_WARN_OBJC_ROOT_CLASS = YES_ERROR;
				CLANG_WARN_RANGE_LOOP_ANALYSIS = YES;
				CLANG_WARN_STRICT_PROTOTYPES = YES;
				CLANG_WARN_SUSPICIOUS_MOVE = YES;
				CLANG_WARN_UNGUARDED_AVAILABILITY = YES_AGGRESSIVE;
				CLANG_WARN_UNREACHABLE_CODE = YES;
				CLANG_WARN__DUPLICATE_METHOD_MATCH = YES;
				COPY_PHASE_STRIP = NO;
				DEBUG_INFORMATION_FORMAT = dwarf;
				ENABLE_STRICT_OBJC_MSGSEND = YES;
				ENABLE_TESTABILITY = YES;
				GCC_C_LANGUAGE_STANDARD = gnu11;
				GCC_DYNAMIC_NO_PIC = NO;
				GCC_NO_COMMON_BLOCKS = YES;
				GCC_OPTIMIZATION_LEVEL = 0;
				GCC_PREPROCESSOR_DEFINITIONS = (
					"DEBUG=1",
					"$(inherited)",
				);
				GCC_WARN_64_TO_32_BIT_CONVERSION = YES;
				GCC_WARN_ABOUT_RETURN_TYPE = YES_ERROR;
				GCC_WARN_UNDECLARED_SELECTOR = YES;
				GCC_WARN_UNINITIALIZED_AUTOS = YES_AGGRESSIVE;
				GCC_WARN_UNUSED_FUNCTION = YES;
				GCC_WARN_UNUSED_VARIABLE = YES;
				IPHONEOS_DEPLOYMENT_TARGET = 13.5;
				MTL_ENABLE_DEBUG_INFO = INCLUDE_SOURCE;
				MTL_FAST_MATH = YES;
				ONLY_ACTIVE_ARCH = YES;
				SDKROOT = iphoneos;
				SWIFT_ACTIVE_COMPILATION_CONDITIONS = DEBUG;
				SWIFT_OPTIMIZATION_LEVEL = "-Onone";
			};
			name = Debug;
		};
		DE734A5924BC9ECB004F3205 /* Release */ = {
			isa = XCBuildConfiguration;
			buildSettings = {
				ALWAYS_SEARCH_USER_PATHS = NO;
				CLANG_ANALYZER_NONNULL = YES;
				CLANG_ANALYZER_NUMBER_OBJECT_CONVERSION = YES_AGGRESSIVE;
				CLANG_CXX_LANGUAGE_STANDARD = "gnu++14";
				CLANG_CXX_LIBRARY = "libc++";
				CLANG_ENABLE_MODULES = YES;
				CLANG_ENABLE_OBJC_ARC = YES;
				CLANG_ENABLE_OBJC_WEAK = YES;
				CLANG_WARN_BLOCK_CAPTURE_AUTORELEASING = YES;
				CLANG_WARN_BOOL_CONVERSION = YES;
				CLANG_WARN_COMMA = YES;
				CLANG_WARN_CONSTANT_CONVERSION = YES;
				CLANG_WARN_DEPRECATED_OBJC_IMPLEMENTATIONS = YES;
				CLANG_WARN_DIRECT_OBJC_ISA_USAGE = YES_ERROR;
				CLANG_WARN_DOCUMENTATION_COMMENTS = YES;
				CLANG_WARN_EMPTY_BODY = YES;
				CLANG_WARN_ENUM_CONVERSION = YES;
				CLANG_WARN_INFINITE_RECURSION = YES;
				CLANG_WARN_INT_CONVERSION = YES;
				CLANG_WARN_NON_LITERAL_NULL_CONVERSION = YES;
				CLANG_WARN_OBJC_IMPLICIT_RETAIN_SELF = YES;
				CLANG_WARN_OBJC_LITERAL_CONVERSION = YES;
				CLANG_WARN_OBJC_ROOT_CLASS = YES_ERROR;
				CLANG_WARN_RANGE_LOOP_ANALYSIS = YES;
				CLANG_WARN_STRICT_PROTOTYPES = YES;
				CLANG_WARN_SUSPICIOUS_MOVE = YES;
				CLANG_WARN_UNGUARDED_AVAILABILITY = YES_AGGRESSIVE;
				CLANG_WARN_UNREACHABLE_CODE = YES;
				CLANG_WARN__DUPLICATE_METHOD_MATCH = YES;
				COPY_PHASE_STRIP = NO;
				DEBUG_INFORMATION_FORMAT = "dwarf-with-dsym";
				ENABLE_NS_ASSERTIONS = NO;
				ENABLE_STRICT_OBJC_MSGSEND = YES;
				GCC_C_LANGUAGE_STANDARD = gnu11;
				GCC_NO_COMMON_BLOCKS = YES;
				GCC_WARN_64_TO_32_BIT_CONVERSION = YES;
				GCC_WARN_ABOUT_RETURN_TYPE = YES_ERROR;
				GCC_WARN_UNDECLARED_SELECTOR = YES;
				GCC_WARN_UNINITIALIZED_AUTOS = YES_AGGRESSIVE;
				GCC_WARN_UNUSED_FUNCTION = YES;
				GCC_WARN_UNUSED_VARIABLE = YES;
				IPHONEOS_DEPLOYMENT_TARGET = 13.5;
				MTL_ENABLE_DEBUG_INFO = NO;
				MTL_FAST_MATH = YES;
				SDKROOT = iphoneos;
				SWIFT_COMPILATION_MODE = wholemodule;
				SWIFT_OPTIMIZATION_LEVEL = "-O";
				VALIDATE_PRODUCT = YES;
			};
			name = Release;
		};
		DE734A5B24BC9ECB004F3205 /* Debug */ = {
			isa = XCBuildConfiguration;
			baseConfigurationReference = 54F7194FAE04BFC9834F013A /* Pods-TimerSheet.debug.xcconfig */;
			buildSettings = {
				ASSETCATALOG_COMPILER_APPICON_NAME = AppIcon;
				CODE_SIGN_STYLE = Automatic;
				DEVELOPMENT_TEAM = HBMHPJ2DXH;
				INFOPLIST_FILE = TimerSheet/Info.plist;
				LD_RUNPATH_SEARCH_PATHS = (
					"$(inherited)",
					"@executable_path/Frameworks",
				);
				PRODUCT_BUNDLE_IDENTIFIER = com.theAvengers.dottorStrange.TimerSheet;
				PRODUCT_NAME = "$(TARGET_NAME)";
				SWIFT_VERSION = 5.0;
				TARGETED_DEVICE_FAMILY = "1,2";
			};
			name = Debug;
		};
		DE734A5C24BC9ECB004F3205 /* Release */ = {
			isa = XCBuildConfiguration;
			baseConfigurationReference = 43C70E982E237DBECA3F4EF3 /* Pods-TimerSheet.release.xcconfig */;
			buildSettings = {
				ASSETCATALOG_COMPILER_APPICON_NAME = AppIcon;
				CODE_SIGN_ENTITLEMENTS = TimerSheet/TimerSheetRelease.entitlements;
				CODE_SIGN_STYLE = Automatic;
				DEVELOPMENT_TEAM = HBMHPJ2DXH;
				INFOPLIST_FILE = TimerSheet/Info.plist;
				LD_RUNPATH_SEARCH_PATHS = (
					"$(inherited)",
					"@executable_path/Frameworks",
				);
				PRODUCT_BUNDLE_IDENTIFIER = com.theAvengers.dottorStrange.TimerSheet;
				PRODUCT_NAME = "$(TARGET_NAME)";
				SWIFT_VERSION = 5.0;
				TARGETED_DEVICE_FAMILY = "1,2";
			};
			name = Release;
		};
		DE734A5E24BC9ECB004F3205 /* Debug */ = {
			isa = XCBuildConfiguration;
			buildSettings = {
				ALWAYS_EMBED_SWIFT_STANDARD_LIBRARIES = YES;
				BUNDLE_LOADER = "$(TEST_HOST)";
				CODE_SIGN_STYLE = Automatic;
				INFOPLIST_FILE = TimerSheetTests/Info.plist;
				IPHONEOS_DEPLOYMENT_TARGET = 13.5;
				LD_RUNPATH_SEARCH_PATHS = (
					"$(inherited)",
					"@executable_path/Frameworks",
					"@loader_path/Frameworks",
				);
				PRODUCT_BUNDLE_IDENTIFIER = com.theAvengers.dottorStrange.TimerSheetTests;
				PRODUCT_NAME = "$(TARGET_NAME)";
				SWIFT_VERSION = 5.0;
				TARGETED_DEVICE_FAMILY = "1,2";
				TEST_HOST = "$(BUILT_PRODUCTS_DIR)/TimerSheet.app/TimerSheet";
			};
			name = Debug;
		};
		DE734A5F24BC9ECB004F3205 /* Release */ = {
			isa = XCBuildConfiguration;
			buildSettings = {
				ALWAYS_EMBED_SWIFT_STANDARD_LIBRARIES = YES;
				BUNDLE_LOADER = "$(TEST_HOST)";
				CODE_SIGN_STYLE = Automatic;
				INFOPLIST_FILE = TimerSheetTests/Info.plist;
				IPHONEOS_DEPLOYMENT_TARGET = 13.5;
				LD_RUNPATH_SEARCH_PATHS = (
					"$(inherited)",
					"@executable_path/Frameworks",
					"@loader_path/Frameworks",
				);
				PRODUCT_BUNDLE_IDENTIFIER = com.theAvengers.dottorStrange.TimerSheetTests;
				PRODUCT_NAME = "$(TARGET_NAME)";
				SWIFT_VERSION = 5.0;
				TARGETED_DEVICE_FAMILY = "1,2";
				TEST_HOST = "$(BUILT_PRODUCTS_DIR)/TimerSheet.app/TimerSheet";
			};
			name = Release;
		};
		DE734A6124BC9ECB004F3205 /* Debug */ = {
			isa = XCBuildConfiguration;
			buildSettings = {
				ALWAYS_EMBED_SWIFT_STANDARD_LIBRARIES = YES;
				CODE_SIGN_STYLE = Automatic;
				INFOPLIST_FILE = TimerSheetUITests/Info.plist;
				LD_RUNPATH_SEARCH_PATHS = (
					"$(inherited)",
					"@executable_path/Frameworks",
					"@loader_path/Frameworks",
				);
				PRODUCT_BUNDLE_IDENTIFIER = com.theAvengers.dottorStrange.TimerSheetUITests;
				PRODUCT_NAME = "$(TARGET_NAME)";
				SWIFT_VERSION = 5.0;
				TARGETED_DEVICE_FAMILY = "1,2";
				TEST_TARGET_NAME = TimerSheet;
			};
			name = Debug;
		};
		DE734A6224BC9ECB004F3205 /* Release */ = {
			isa = XCBuildConfiguration;
			buildSettings = {
				ALWAYS_EMBED_SWIFT_STANDARD_LIBRARIES = YES;
				CODE_SIGN_STYLE = Automatic;
				INFOPLIST_FILE = TimerSheetUITests/Info.plist;
				LD_RUNPATH_SEARCH_PATHS = (
					"$(inherited)",
					"@executable_path/Frameworks",
					"@loader_path/Frameworks",
				);
				PRODUCT_BUNDLE_IDENTIFIER = com.theAvengers.dottorStrange.TimerSheetUITests;
				PRODUCT_NAME = "$(TARGET_NAME)";
				SWIFT_VERSION = 5.0;
				TARGETED_DEVICE_FAMILY = "1,2";
				TEST_TARGET_NAME = TimerSheet;
			};
			name = Release;
		};
/* End XCBuildConfiguration section */

/* Begin XCConfigurationList section */
		DE734A2B24BC9EC9004F3205 /* Build configuration list for PBXProject "TimerSheet" */ = {
			isa = XCConfigurationList;
			buildConfigurations = (
				DE734A5824BC9ECB004F3205 /* Debug */,
				DE734A5924BC9ECB004F3205 /* Release */,
			);
			defaultConfigurationIsVisible = 0;
			defaultConfigurationName = Release;
		};
		DE734A5A24BC9ECB004F3205 /* Build configuration list for PBXNativeTarget "TimerSheet" */ = {
			isa = XCConfigurationList;
			buildConfigurations = (
				DE734A5B24BC9ECB004F3205 /* Debug */,
				DE734A5C24BC9ECB004F3205 /* Release */,
			);
			defaultConfigurationIsVisible = 0;
			defaultConfigurationName = Release;
		};
		DE734A5D24BC9ECB004F3205 /* Build configuration list for PBXNativeTarget "TimerSheetTests" */ = {
			isa = XCConfigurationList;
			buildConfigurations = (
				DE734A5E24BC9ECB004F3205 /* Debug */,
				DE734A5F24BC9ECB004F3205 /* Release */,
			);
			defaultConfigurationIsVisible = 0;
			defaultConfigurationName = Release;
		};
		DE734A6024BC9ECB004F3205 /* Build configuration list for PBXNativeTarget "TimerSheetUITests" */ = {
			isa = XCConfigurationList;
			buildConfigurations = (
				DE734A6124BC9ECB004F3205 /* Debug */,
				DE734A6224BC9ECB004F3205 /* Release */,
			);
			defaultConfigurationIsVisible = 0;
			defaultConfigurationName = Release;
		};
/* End XCConfigurationList section */
	};
	rootObject = DE734A2824BC9EC9004F3205 /* Project object */;
}
